
Microsoft Visual Studio Solution File, Format Version 12.00
# Visual Studio Version 16
VisualStudioVersion = 16.0.31105.61
MinimumVisualStudioVersion = 10.0.40219.1
Project("{FAE04EC0-301F-11D3-BF4B-00C04F79EFBC}") = "Domain", "src\Domain\Domain.csproj", "{C4F169F8-8263-40E9-B39F-0AC1B5A864A1}"
EndProject
Project("{FAE04EC0-301F-11D3-BF4B-00C04F79EFBC}") = "Application", "src\Application\Application.csproj", "{03C861B0-927A-442A-AC9C-CAFFCC02B6E4}"
EndProject
Project("{FAE04EC0-301F-11D3-BF4B-00C04F79EFBC}") = "WebApp", "src\WebApp\WebApp.csproj", "{5032F2FA-1728-4231-873A-5B0C36F3C4A2}"
EndProject
Global
	GlobalSection(SolutionConfigurationPlatforms) = preSolution
		Debug|Any CPU = Debug|Any CPU
		Release|Any CPU = Release|Any CPU
	EndGlobalSection
	GlobalSection(ProjectConfigurationPlatforms) = postSolution
		{C4F169F8-8263-40E9-B39F-0AC1B5A864A1}.Debug|Any CPU.ActiveCfg = Debug|Any CPU
		{C4F169F8-8263-40E9-B39F-0AC1B5A864A1}.Debug|Any CPU.Build.0 = Debug|Any CPU
		{C4F169F8-8263-40E9-B39F-0AC1B5A864A1}.Release|Any CPU.ActiveCfg = Release|Any CPU
		{C4F169F8-8263-40E9-B39F-0AC1B5A864A1}.Release|Any CPU.Build.0 = Release|Any CPU
		{03C861B0-927A-442A-AC9C-CAFFCC02B6E4}.Debug|Any CPU.ActiveCfg = Debug|Any CPU
		{03C861B0-927A-442A-AC9C-CAFFCC02B6E4}.Debug|Any CPU.Build.0 = Debug|Any CPU
		{03C861B0-927A-442A-AC9C-CAFFCC02B6E4}.Release|Any CPU.ActiveCfg = Release|Any CPU
		{03C861B0-927A-442A-AC9C-CAFFCC02B6E4}.Release|Any CPU.Build.0 = Release|Any CPU
		{5032F2FA-1728-4231-873A-5B0C36F3C4A2}.Debug|Any CPU.ActiveCfg = Debug|Any CPU
		{5032F2FA-1728-4231-873A-5B0C36F3C4A2}.Debug|Any CPU.Build.0 = Debug|Any CPU
		{5032F2FA-1728-4231-873A-5B0C36F3C4A2}.Release|Any CPU.ActiveCfg = Release|Any CPU
		{5032F2FA-1728-4231-873A-5B0C36F3C4A2}.Release|Any CPU.Build.0 = Release|Any CPU
	EndGlobalSection
	GlobalSection(SolutionProperties) = preSolution
		HideSolutionNode = FALSE
	EndGlobalSection
	GlobalSection(ExtensibilityGlobals) = postSolution
		SolutionGuid = {C382616C-6800-4966-9478-E2242DA5871D}
	EndGlobalSection
EndGlobal
